
Microsoft Visual Studio Solution File, Format Version 12.00
# Visual Studio Version 17
VisualStudioVersion = 17.13.35818.85 d17.13
MinimumVisualStudioVersion = 10.0.40219.1
Project("{FAE04EC0-301F-11D3-BF4B-00C04F79EFBC}") = "9'arb Program (src)", "9'arb Program (src).csproj", "{68195EBD-305C-4B65-8643-C9292ECA5AF7}"
EndProject
Global
	GlobalSection(SolutionConfigurationPlatforms) = preSolution
		Debug|Any CPU = Debug|Any CPU
		Release|Any CPU = Release|Any CPU
	EndGlobalSection
	GlobalSection(ProjectConfigurationPlatforms) = postSolution
		{68195EBD-305C-4B65-8643-C9292ECA5AF7}.Debug|Any CPU.ActiveCfg = Debug|Any CPU
		{68195EBD-305C-4B65-8643-C9292ECA5AF7}.Debug|Any CPU.Build.0 = Debug|Any CPU
		{68195EBD-305C-4B65-8643-C9292ECA5AF7}.Release|Any CPU.ActiveCfg = Release|Any CPU
		{68195EBD-305C-4B65-8643-C9292ECA5AF7}.Release|Any CPU.Build.0 = Release|Any CPU
	EndGlobalSection
	GlobalSection(SolutionProperties) = preSolution
		HideSolutionNode = FALSE
	EndGlobalSection
	GlobalSection(ExtensibilityGlobals) = postSolution
		SolutionGuid = {A6E267BC-AB8B-41D0-AB46-6118A9EDA54F}
	EndGlobalSection
EndGlobal
